
Microsoft Visual Studio Solution File, Format Version 12.00
# Visual Studio Version 17
VisualStudioVersion = 17.4.33213.308
MinimumVisualStudioVersion = 10.0.40219.1
Project("{FAE04EC0-301F-11D3-BF4B-00C04F79EFBC}") = "Player Test", "Player Test\Player Test.csproj", "{319F89F7-BA41-4A87-8F09-4A8EED3C7CAD}"
EndProject
Global
	GlobalSection(SolutionConfigurationPlatforms) = preSolution
		Debug|Any CPU = Debug|Any CPU
		Release|Any CPU = Release|Any CPU
	EndGlobalSection
	GlobalSection(ProjectConfigurationPlatforms) = postSolution
		{319F89F7-BA41-4A87-8F09-4A8EED3C7CAD}.Debug|Any CPU.ActiveCfg = Debug|Any CPU
		{319F89F7-BA41-4A87-8F09-4A8EED3C7CAD}.Debug|Any CPU.Build.0 = Debug|Any CPU
		{319F89F7-BA41-4A87-8F09-4A8EED3C7CAD}.Release|Any CPU.ActiveCfg = Release|Any CPU
		{319F89F7-BA41-4A87-8F09-4A8EED3C7CAD}.Release|Any CPU.Build.0 = Release|Any CPU
	EndGlobalSection
	GlobalSection(SolutionProperties) = preSolution
		HideSolutionNode = FALSE
	EndGlobalSection
	GlobalSection(ExtensibilityGlobals) = postSolution
		SolutionGuid = {2E633CE2-6B16-43F3-B0CF-339ED597293A}
	EndGlobalSection
EndGlobal
